
Microsoft Visual Studio Solution File, Format Version 12.00
# Visual Studio Version 17
VisualStudioVersion = 17.2.32616.157
MinimumVisualStudioVersion = 10.0.40219.1
Project("{FAE04EC0-301F-11D3-BF4B-00C04F79EFBC}") = "desafiomaneirao", "desafiomaneirao\desafiomaneirao.csproj", "{CEFE3A7E-1AA8-40B2-B68A-F74A5E0A0A47}"
EndProject
Global
	GlobalSection(SolutionConfigurationPlatforms) = preSolution
		Debug|Any CPU = Debug|Any CPU
		Release|Any CPU = Release|Any CPU
	EndGlobalSection
	GlobalSection(ProjectConfigurationPlatforms) = postSolution
		{CEFE3A7E-1AA8-40B2-B68A-F74A5E0A0A47}.Debug|Any CPU.ActiveCfg = Debug|Any CPU
		{CEFE3A7E-1AA8-40B2-B68A-F74A5E0A0A47}.Debug|Any CPU.Build.0 = Debug|Any CPU
		{CEFE3A7E-1AA8-40B2-B68A-F74A5E0A0A47}.Release|Any CPU.ActiveCfg = Release|Any CPU
		{CEFE3A7E-1AA8-40B2-B68A-F74A5E0A0A47}.Release|Any CPU.Build.0 = Release|Any CPU
	EndGlobalSection
	GlobalSection(SolutionProperties) = preSolution
		HideSolutionNode = FALSE
	EndGlobalSection
	GlobalSection(ExtensibilityGlobals) = postSolution
		SolutionGuid = {ABDAAA39-66D9-49D9-9540-86C4A8471AF2}
	EndGlobalSection
EndGlobal
